Microsoft Visual Studio Solution File, Format Version 12.00
# Visual Studio Version 17
VisualStudioVersion = 17.5.2.0
MinimumVisualStudioVersion = 10.0.40219.1
Project("{2150E333-8FDC-42A3-9474-1A3956D46DE8}") = "native", "native", "{2F2BA0B1-8447-348E-8DA4-622F0257D38B}"
EndProject
Project("{FAE04EC0-301F-11D3-BF4B-00C04F79EFBC}") = "MacMount.NativeService", "native\MacMount.NativeService\MacMount.NativeService.csproj", "{39B05746-9038-7F98-86EF-14BEDAF114A7}"
EndProject
Project("{FAE04EC0-301F-11D3-BF4B-00C04F79EFBC}") = "MacMount.RawDiskEngine", "native\MacMount.RawDiskEngine\MacMount.RawDiskEngine.csproj", "{446FED21-4A1A-F4D8-7FA4-2A746DB1D4F6}"
EndProject
Global
	GlobalSection(SolutionConfigurationPlatforms) = preSolution
		Debug|Any CPU = Debug|Any CPU
		Release|Any CPU = Release|Any CPU
	EndGlobalSection
	GlobalSection(ProjectConfigurationPlatforms) = postSolution
		{39B05746-9038-7F98-86EF-14BEDAF114A7}.Debug|Any CPU.ActiveCfg = Debug|Any CPU
		{39B05746-9038-7F98-86EF-14BEDAF114A7}.Debug|Any CPU.Build.0 = Debug|Any CPU
		{39B05746-9038-7F98-86EF-14BEDAF114A7}.Release|Any CPU.ActiveCfg = Release|Any CPU
		{39B05746-9038-7F98-86EF-14BEDAF114A7}.Release|Any CPU.Build.0 = Release|Any CPU
		{446FED21-4A1A-F4D8-7FA4-2A746DB1D4F6}.Debug|Any CPU.ActiveCfg = Debug|Any CPU
		{446FED21-4A1A-F4D8-7FA4-2A746DB1D4F6}.Debug|Any CPU.Build.0 = Debug|Any CPU
		{446FED21-4A1A-F4D8-7FA4-2A746DB1D4F6}.Release|Any CPU.ActiveCfg = Release|Any CPU
		{446FED21-4A1A-F4D8-7FA4-2A746DB1D4F6}.Release|Any CPU.Build.0 = Release|Any CPU
	EndGlobalSection
	GlobalSection(SolutionProperties) = preSolution
		HideSolutionNode = FALSE
	EndGlobalSection
	GlobalSection(NestedProjects) = preSolution
		{39B05746-9038-7F98-86EF-14BEDAF114A7} = {2F2BA0B1-8447-348E-8DA4-622F0257D38B}
		{446FED21-4A1A-F4D8-7FA4-2A746DB1D4F6} = {2F2BA0B1-8447-348E-8DA4-622F0257D38B}
	EndGlobalSection
	GlobalSection(ExtensibilityGlobals) = postSolution
		SolutionGuid = {89BED21D-3385-4032-A101-04810E69E3AD}
	EndGlobalSection
EndGlobal
